
Microsoft Visual Studio Solution File, Format Version 12.00
# Visual Studio Version 17
VisualStudioVersion = 17.0.31903.59
MinimumVisualStudioVersion = 10.0.40219.1
Project("{FAE04EC0-301F-11D3-BF4B-00C04F79EFBC}") = "Utilities", "src\Utilities\Utilities.csproj", "{272EC1AE-8807-4926-935C-5F943C68D417}"
EndProject
Project("{FAE04EC0-301F-11D3-BF4B-00C04F79EFBC}") = "PopcornIndex", "src\PopcornIndex\PopcornIndex.csproj", "{56456AA3-CCD9-4ABD-BD8A-86F02E870DE5}"
EndProject
Project("{FAE04EC0-301F-11D3-BF4B-00C04F79EFBC}") = "MockFeature", "src\MockFeature\MockFeature.csproj", "{1BAC8D2B-B1FA-4E67-80CD-3C97C23AF511}"
EndProject
Project("{2150E333-8FDC-42A3-9474-1A3956D46DE8}") = "_database", "_database", "{02EA681E-C7D8-13C7-8484-4AC65E1B71E8}"
	ProjectSection(SolutionItems) = preProject
		database\add-migration.bat = database\add-migration.bat
		database\init-env.bat = database\init-env.bat
		database\remove-last-migration.bat = database\remove-last-migration.bat
		database\update-database.bat = database\update-database.bat
	EndProjectSection
EndProject
Project("{2150E333-8FDC-42A3-9474-1A3956D46DE8}") = "_build", "_build", "{A82A3572-42E8-4BF5-B0A9-73CA24EEB42D}"
	ProjectSection(SolutionItems) = preProject
		.editorconfig = .editorconfig
		Directory.Build.props = Directory.Build.props
		Directory.Packages.props = Directory.Packages.props
		README.md = README.md
	EndProjectSection
EndProject
Project("{FAE04EC0-301F-11D3-BF4B-00C04F79EFBC}") = "PostgreSqlMigration", "database\PostgreSqlMigration\PostgreSqlMigration.csproj", "{1152A95E-B42C-E5A6-0008-4001D154A245}"
EndProject
Project("{2150E333-8FDC-42A3-9474-1A3956D46DE8}") = "_appsettings", "_appsettings", "{2E8E829C-C0DD-4CD4-B180-E25C737BD056}"
	ProjectSection(SolutionItems) = preProject
		.env = .env
		appsettings\appsettings.json = appsettings\appsettings.json
	EndProjectSection
EndProject
Project("{2150E333-8FDC-42A3-9474-1A3956D46DE8}") = "database", "database", "{A6D5EE1F-1485-49C8-A85F-2282C747EC39}"
	ProjectSection(SolutionItems) = preProject
		database\Directory.Build.props = database\Directory.Build.props
	EndProjectSection
EndProject
Project("{2150E333-8FDC-42A3-9474-1A3956D46DE8}") = "src", "src", "{503852E4-75A4-4D31-AA89-39E428C55D2C}"
	ProjectSection(SolutionItems) = preProject
		src\Directory.Build.props = src\Directory.Build.props
	EndProjectSection
EndProject
Global
	GlobalSection(SolutionConfigurationPlatforms) = preSolution
		Debug|Any CPU = Debug|Any CPU
		Release|Any CPU = Release|Any CPU
	EndGlobalSection
	GlobalSection(ProjectConfigurationPlatforms) = postSolution
		{272EC1AE-8807-4926-935C-5F943C68D417}.Debug|Any CPU.ActiveCfg = Debug|Any CPU
		{272EC1AE-8807-4926-935C-5F943C68D417}.Debug|Any CPU.Build.0 = Debug|Any CPU
		{272EC1AE-8807-4926-935C-5F943C68D417}.Release|Any CPU.ActiveCfg = Release|Any CPU
		{272EC1AE-8807-4926-935C-5F943C68D417}.Release|Any CPU.Build.0 = Release|Any CPU
		{56456AA3-CCD9-4ABD-BD8A-86F02E870DE5}.Debug|Any CPU.ActiveCfg = Debug|Any CPU
		{56456AA3-CCD9-4ABD-BD8A-86F02E870DE5}.Debug|Any CPU.Build.0 = Debug|Any CPU
		{56456AA3-CCD9-4ABD-BD8A-86F02E870DE5}.Release|Any CPU.ActiveCfg = Release|Any CPU
		{56456AA3-CCD9-4ABD-BD8A-86F02E870DE5}.Release|Any CPU.Build.0 = Release|Any CPU
		{1BAC8D2B-B1FA-4E67-80CD-3C97C23AF511}.Debug|Any CPU.ActiveCfg = Debug|Any CPU
		{1BAC8D2B-B1FA-4E67-80CD-3C97C23AF511}.Debug|Any CPU.Build.0 = Debug|Any CPU
		{1BAC8D2B-B1FA-4E67-80CD-3C97C23AF511}.Release|Any CPU.ActiveCfg = Release|Any CPU
		{1BAC8D2B-B1FA-4E67-80CD-3C97C23AF511}.Release|Any CPU.Build.0 = Release|Any CPU
		{1152A95E-B42C-E5A6-0008-4001D154A245}.Debug|Any CPU.ActiveCfg = Debug|Any CPU
		{1152A95E-B42C-E5A6-0008-4001D154A245}.Debug|Any CPU.Build.0 = Debug|Any CPU
		{1152A95E-B42C-E5A6-0008-4001D154A245}.Release|Any CPU.ActiveCfg = Release|Any CPU
		{1152A95E-B42C-E5A6-0008-4001D154A245}.Release|Any CPU.Build.0 = Release|Any CPU
	EndGlobalSection
	GlobalSection(SolutionProperties) = preSolution
		HideSolutionNode = FALSE
	EndGlobalSection
	GlobalSection(NestedProjects) = preSolution
		{1152A95E-B42C-E5A6-0008-4001D154A245} = {02EA681E-C7D8-13C7-8484-4AC65E1B71E8}
		{A6D5EE1F-1485-49C8-A85F-2282C747EC39} = {A82A3572-42E8-4BF5-B0A9-73CA24EEB42D}
		{503852E4-75A4-4D31-AA89-39E428C55D2C} = {A82A3572-42E8-4BF5-B0A9-73CA24EEB42D}
	EndGlobalSection
	GlobalSection(ExtensibilityGlobals) = postSolution
		SolutionGuid = {4637C56E-93F3-498D-9096-CA827DB85B07}
	EndGlobalSection
EndGlobal
